// !$*UTF8*$!
{
	archiveVersion = 1;
	classes = {
	};
	objectVersion = 48;
	objects = {

/* Begin PBXBuildFile section */
		651909571F8C3BE000434A46 /* AppDelegate.swift in Sources */ = {isa = PBXBuildFile; fileRef = 651909561F8C3BE000434A46 /* AppDelegate.swift */; };
		651909591F8C3BE000434A46 /* ViewController.swift in Sources */ = {isa = PBXBuildFile; fileRef = 651909581F8C3BE000434A46 /* ViewController.swift */; };
		6519095C1F8C3BE000434A46 /* Main.storyboard in Resources */ = {isa = PBXBuildFile; fileRef = 6519095A1F8C3BE000434A46 /* Main.storyboard */; };
		6519095E1F8C3BE000434A46 /* Assets.xcassets in Resources */ = {isa = PBXBuildFile; fileRef = 6519095D1F8C3BE000434A46 /* Assets.xcassets */; };
		651909611F8C3BE000434A46 /* LaunchScreen.storyboard in Resources */ = {isa = PBXBuildFile; fileRef = 6519095F1F8C3BE000434A46 /* LaunchScreen.storyboard */; };
		6519096C1F8C3BE000434A46 /* RPSTests.swift in Sources */ = {isa = PBXBuildFile; fileRef = 6519096B1F8C3BE000434A46 /* RPSTests.swift */; };
		651909771F8C3BE000434A46 /* RPSUITests.swift in Sources */ = {isa = PBXBuildFile; fileRef = 651909761F8C3BE000434A46 /* RPSUITests.swift */; };
/* End PBXBuildFile section */

/* Begin PBXContainerItemProxy section */
		651909681F8C3BE000434A46 /* PBXContainerItemProxy */ = {
			isa = PBXContainerItemProxy;
			containerPortal = 6519094B1F8C3BE000434A46 /* Project object */;
			proxyType = 1;
			remoteGlobalIDString = 651909521F8C3BE000434A46;
			remoteInfo = RPS;
		};
		651909731F8C3BE000434A46 /* PBXContainerItemProxy */ = {
			isa = PBXContainerItemProxy;
			containerPortal = 6519094B1F8C3BE000434A46 /* Project object */;
			proxyType = 1;
			remoteGlobalIDString = 651909521F8C3BE000434A46;
			remoteInfo = RPS;
		};
/* End PBXContainerItemProxy section */

/* Begin PBXFileReference section */
		651909531F8C3BE000434A46 /* RPS.app */ = {isa = PBXFileReference; explicitFileType = wrapper.application; includeInIndex = 0; path = RPS.app; sourceTree = BUILT_PRODUCTS_DIR; };
		651909561F8C3BE000434A46 /* AppDelegate.swift */ = {isa = PBXFileReference; lastKnownFileType = sourcecode.swift; path = AppDelegate.swift; sourceTree = "<group>"; };
		651909581F8C3BE000434A46 /* ViewController.swift */ = {isa = PBXFileReference; lastKnownFileType = sourcecode.swift; path = ViewController.swift; sourceTree = "<group>"; };
		6519095B1F8C3BE000434A46 /* Base */ = {isa = PBXFileReference; lastKnownFileType = file.storyboard; name = Base; path = Base.lproj/Main.storyboard; sourceTree = "<group>"; };
		6519095D1F8C3BE000434A46 /* Assets.xcassets */ = {isa = PBXFileReference; lastKnownFileType = folder.assetcatalog; path = Assets.xcassets; sourceTree = "<group>"; };
		651909601F8C3BE000434A46 /* Base */ = {isa = PBXFileReference; lastKnownFileType = file.storyboard; name = Base; path = Base.lproj/LaunchScreen.storyboard; sourceTree = "<group>"; };
		651909621F8C3BE000434A46 /* Info.plist */ = {isa = PBXFileReference; lastKnownFileType = text.plist.xml; path = Info.plist; sourceTree = "<group>"; };
		651909671F8C3BE000434A46 /* RPSTests.xctest */ = {isa = PBXFileReference; explicitFileType = wrapper.cfbundle; includeInIndex = 0; path = RPSTests.xctest; sourceTree = BUILT_PRODUCTS_DIR; };
		6519096B1F8C3BE000434A46 /* RPSTests.swift */ = {isa = PBXFileReference; lastKnownFileType = sourcecode.swift; path = RPSTests.swift; sourceTree = "<group>"; };
		6519096D1F8C3BE000434A46 /* Info.plist */ = {isa = PBXFileReference; lastKnownFileType = text.plist.xml; path = Info.plist; sourceTree = "<group>"; };
		651909721F8C3BE000434A46 /* RPSUITests.xctest */ = {isa = PBXFileReference; explicitFileType = wrapper.cfbundle; includeInIndex = 0; path = RPSUITests.xctest; sourceTree = BUILT_PRODUCTS_DIR; };
		651909761F8C3BE000434A46 /* RPSUITests.swift */ = {isa = PBXFileReference; lastKnownFileType = sourcecode.swift; path = RPSUITests.swift; sourceTree = "<group>"; };
		651909781F8C3BE000434A46 /* Info.plist */ = {isa = PBXFileReference; lastKnownFileType = text.plist.xml; path = Info.plist; sourceTree = "<group>"; };
/* End PBXFileReference section */

/* Begin PBXFrameworksBuildPhase section */
		651909501F8C3BE000434A46 /* Frameworks */ = {
			isa = PBXFrameworksBuildPhase;
			buildActionMask = 2147483647;
			files = (
			);
			runOnlyForDeploymentPostprocessing = 0;
		};
		651909641F8C3BE000434A46 /* Frameworks */ = {
			isa = PBXFrameworksBuildPhase;
			buildActionMask = 2147483647;
			files = (
			);
			runOnlyForDeploymentPostprocessing = 0;
		};
		6519096F1F8C3BE000434A46 /* Frameworks */ = {
			isa = PBXFrameworksBuildPhase;
			buildActionMask = 2147483647;
			files = (
			);
			runOnlyForDeploymentPostprocessing = 0;
		};
/* End PBXFrameworksBuildPhase section */

/* Begin PBXGroup section */
		6519094A1F8C3BE000434A46 = {
			isa = PBXGroup;
			children = (
				651909551F8C3BE000434A46 /* RPS */,
				6519096A1F8C3BE000434A46 /* RPSTests */,
				651909751F8C3BE000434A46 /* RPSUITests */,
				651909541F8C3BE000434A46 /* Products */,
			);
			sourceTree = "<group>";
		};
		651909541F8C3BE000434A46 /* Products */ = {
			isa = PBXGroup;
			children = (
				651909531F8C3BE000434A46 /* RPS.app */,
				651909671F8C3BE000434A46 /* RPSTests.xctest */,
				651909721F8C3BE000434A46 /* RPSUITests.xctest */,
			);
			name = Products;
			sourceTree = "<group>";
		};
		651909551F8C3BE000434A46 /* RPS */ = {
			isa = PBXGroup;
			children = (
				651909561F8C3BE000434A46 /* AppDelegate.swift */,
				651909581F8C3BE000434A46 /* ViewController.swift */,
				6519095A1F8C3BE000434A46 /* Main.storyboard */,
				6519095D1F8C3BE000434A46 /* Assets.xcassets */,
				6519095F1F8C3BE000434A46 /* LaunchScreen.storyboard */,
				651909621F8C3BE000434A46 /* Info.plist */,
			);
			path = RPS;
			sourceTree = "<group>";
		};
		6519096A1F8C3BE000434A46 /* RPSTests */ = {
			isa = PBXGroup;
			children = (
				6519096B1F8C3BE000434A46 /* RPSTests.swift */,
				6519096D1F8C3BE000434A46 /* Info.plist */,
			);
			path = RPSTests;
			sourceTree = "<group>";
		};
		651909751F8C3BE000434A46 /* RPSUITests */ = {
			isa = PBXGroup;
			children = (
				651909761F8C3BE000434A46 /* RPSUITests.swift */,
				651909781F8C3BE000434A46 /* Info.plist */,
			);
			path = RPSUITests;
			sourceTree = "<group>";
		};
/* End PBXGroup section */

/* Begin PBXNativeTarget section */
		651909521F8C3BE000434A46 /* RPS */ = {
			isa = PBXNativeTarget;
			buildConfigurationList = 6519097B1F8C3BE000434A46 /* Build configuration list for PBXNativeTarget "RPS" */;
			buildPhases = (
				6519094F1F8C3BE000434A46 /* Sources */,
				651909501F8C3BE000434A46 /* Frameworks */,
				651909511F8C3BE000434A46 /* Resources */,
			);
			buildRules = (
			);
			dependencies = (
			);
			name = RPS;
			productName = RPS;
			productReference = 651909531F8C3BE000434A46 /* RPS.app */;
			productType = "com.apple.product-type.application";
		};
		651909661F8C3BE000434A46 /* RPSTests */ = {
			isa = PBXNativeTarget;
			buildConfigurationList = 6519097E1F8C3BE000434A46 /* Build configuration list for PBXNativeTarget "RPSTests" */;
			buildPhases = (
				651909631F8C3BE000434A46 /* Sources */,
				651909641F8C3BE000434A46 /* Frameworks */,
				651909651F8C3BE000434A46 /* Resources */,
			);
			buildRules = (
			);
			dependencies = (
				651909691F8C3BE000434A46 /* PBXTargetDependency */,
			);
			name = RPSTests;
			productName = RPSTests;
			productReference = 651909671F8C3BE000434A46 /* RPSTests.xctest */;
			productType = "com.apple.product-type.bundle.unit-test";
		};
		651909711F8C3BE000434A46 /* RPSUITests */ = {
			isa = PBXNativeTarget;
			buildConfigurationList = 651909811F8C3BE000434A46 /* Build configuration list for PBXNativeTarget "RPSUITests" */;
			buildPhases = (
				6519096E1F8C3BE000434A46 /* Sources */,
				6519096F1F8C3BE000434A46 /* Frameworks */,
				651909701F8C3BE000434A46 /* Resources */,
			);
			buildRules = (
			);
			dependencies = (
				651909741F8C3BE000434A46 /* PBXTargetDependency */,
			);
			name = RPSUITests;
			productName = RPSUITests;
			productReference = 651909721F8C3BE000434A46 /* RPSUITests.xctest */;
			productType = "com.apple.product-type.bundle.ui-testing";
		};
/* End PBXNativeTarget section */

/* Begin PBXProject section */
		6519094B1F8C3BE000434A46 /* Project object */ = {
			isa = PBXProject;
			attributes = {
				LastSwiftUpdateCheck = 0900;
				LastUpgradeCheck = 0900;
				ORGANIZATIONNAME = "Daniel Souza Affonso Ferreira";
				TargetAttributes = {
					651909521F8C3BE000434A46 = {
						CreatedOnToolsVersion = 9.0;
						ProvisioningStyle = Automatic;
					};
					651909661F8C3BE000434A46 = {
						CreatedOnToolsVersion = 9.0;
						ProvisioningStyle = Automatic;
						TestTargetID = 651909521F8C3BE000434A46;
					};
					651909711F8C3BE000434A46 = {
						CreatedOnToolsVersion = 9.0;
						ProvisioningStyle = Automatic;
						TestTargetID = 651909521F8C3BE000434A46;
					};
				};
			};
			buildConfigurationList = 6519094E1F8C3BE000434A46 /* Build configuration list for PBXProject "RPS" */;
			compatibilityVersion = "Xcode 8.0";
			developmentRegion = en;
			hasScannedForEncodings = 0;
			knownRegions = (
				en,
				Base,
			);
			mainGroup = 6519094A1F8C3BE000434A46;
			productRefGroup = 651909541F8C3BE000434A46 /* Products */;
			projectDirPath = "";
			projectRoot = "";
			targets = (
				651909521F8C3BE000434A46 /* RPS */,
				651909661F8C3BE000434A46 /* RPSTests */,
				651909711F8C3BE000434A46 /* RPSUITests */,
			);
		};
/* End PBXProject section */

/* Begin PBXResourcesBuildPhase section */
		651909511F8C3BE000434A46 /* Resources */ = {
			isa = PBXResourcesBuildPhase;
			buildActionMask = 2147483647;
			files = (
				651909611F8C3BE000434A46 /* LaunchScreen.storyboard in Resources */,
				6519095E1F8C3BE000434A46 /* Assets.xcassets in Resources */,
				6519095C1F8C3BE000434A46 /* Main.storyboard in Resources */,
			);
			runOnlyForDeploymentPostprocessing = 0;
		};
		651909651F8C3BE000434A46 /* Resources */ = {
			isa = PBXResourcesBuildPhase;
			buildActionMask = 2147483647;
			files = (
			);
			runOnlyForDeploymentPostprocessing = 0;
		};
		651909701F8C3BE000434A46 /* Resources */ = {
			isa = PBXResourcesBuildPhase;
			buildActionMask = 2147483647;
			files = (
			);
			runOnlyForDeploymentPostprocessing = 0;
		};
/* End PBXResourcesBuildPhase section */

/* Begin PBXSourcesBuildPhase section */
		6519094F1F8C3BE000434A46 /* Sources */ = {
			isa = PBXSourcesBuildPhase;
			buildActionMask = 2147483647;
			files = (
				651909591F8C3BE000434A46 /* ViewController.swift in Sources */,
				651909571F8C3BE000434A46 /* AppDelegate.swift in Sources */,
			);
			runOnlyForDeploymentPostprocessing = 0;
		};
		651909631F8C3BE000434A46 /* Sources */ = {
			isa = PBXSourcesBuildPhase;
			buildActionMask = 2147483647;
			files = (
				6519096C1F8C3BE000434A46 /* RPSTests.swift in Sources */,
			);
			runOnlyForDeploymentPostprocessing = 0;
		};
		6519096E1F8C3BE000434A46 /* Sources */ = {
			isa = PBXSourcesBuildPhase;
			buildActionMask = 2147483647;
			files = (
				651909771F8C3BE000434A46 /* RPSUITests.swift in Sources */,
			);
			runOnlyForDeploymentPostprocessing = 0;
		};
/* End PBXSourcesBuildPhase section */

/* Begin PBXTargetDependency section */
		651909691F8C3BE000434A46 /* PBXTargetDependency */ = {
			isa = PBXTargetDependency;
			target = 651909521F8C3BE000434A46 /* RPS */;
			targetProxy = 651909681F8C3BE000434A46 /* PBXContainerItemProxy */;
		};
		651909741F8C3BE000434A46 /* PBXTargetDependency */ = {
			isa = PBXTargetDependency;
			target = 651909521F8C3BE000434A46 /* RPS */;
			targetProxy = 651909731F8C3BE000434A46 /* PBXContainerItemProxy */;
		};
/* End PBXTargetDependency section */

/* Begin PBXVariantGroup section */
		6519095A1F8C3BE000434A46 /* Main.storyboard */ = {
			isa = PBXVariantGroup;
			children = (
				6519095B1F8C3BE000434A46 /* Base */,
			);
			name = Main.storyboard;
			sourceTree = "<group>";
		};
		6519095F1F8C3BE000434A46 /* LaunchScreen.storyboard */ = {
			isa = PBXVariantGroup;
			children = (
				651909601F8C3BE000434A46 /* Base */,
			);
			name = LaunchScreen.storyboard;
			sourceTree = "<group>";
		};
/* End PBXVariantGroup section */

/* Begin XCBuildConfiguration section */
		651909791F8C3BE000434A46 /* Debug */ = {
			isa = XCBuildConfiguration;
			buildSettings = {
				ALWAYS_SEARCH_USER_PATHS = NO;
				CLANG_ANALYZER_NONNULL = YES;
				CLANG_ANALYZER_NUMBER_OBJECT_CONVERSION = YES_AGGRESSIVE;
				CLANG_CXX_LANGUAGE_STANDARD = "gnu++14";
				CLANG_CXX_LIBRARY = "libc++";
				CLANG_ENABLE_MODULES = YES;
				CLANG_ENABLE_OBJC_ARC = YES;
				CLANG_WARN_BLOCK_CAPTURE_AUTORELEASING = YES;
				CLANG_WARN_BOOL_CONVERSION = YES;
				CLANG_WARN_COMMA = YES;
				CLANG_WARN_CONSTANT_CONVERSION = YES;
				CLANG_WARN_DIRECT_OBJC_ISA_USAGE = YES_ERROR;
				CLANG_WARN_DOCUMENTATION_COMMENTS = YES;
				CLANG_WARN_EMPTY_BODY = YES;
				CLANG_WARN_ENUM_CONVERSION = YES;
				CLANG_WARN_INFINITE_RECURSION = YES;
				CLANG_WARN_INT_CONVERSION = YES;
				CLANG_WARN_NON_LITERAL_NULL_CONVERSION = YES;
				CLANG_WARN_OBJC_LITERAL_CONVERSION = YES;
				CLANG_WARN_OBJC_ROOT_CLASS = YES_ERROR;
				CLANG_WARN_RANGE_LOOP_ANALYSIS = YES;
				CLANG_WARN_STRICT_PROTOTYPES = YES;
				CLANG_WARN_SUSPICIOUS_MOVE = YES;
				CLANG_WARN_UNGUARDED_AVAILABILITY = YES_AGGRESSIVE;
				CLANG_WARN_UNREACHABLE_CODE = YES;
				CLANG_WARN__DUPLICATE_METHOD_MATCH = YES;
				CODE_SIGN_IDENTITY = "iPhone Developer";
				COPY_PHASE_STRIP = NO;
				DEBUG_INFORMATION_FORMAT = dwarf;
				ENABLE_STRICT_OBJC_MSGSEND = YES;
				ENABLE_TESTABILITY = YES;
				GCC_C_LANGUAGE_STANDARD = gnu11;
				GCC_DYNAMIC_NO_PIC = NO;
				GCC_NO_COMMON_BLOCKS = YES;
				GCC_OPTIMIZATION_LEVEL = 0;
				GCC_PREPROCESSOR_DEFINITIONS = (
					"DEBUG=1",
					"$(inherited)",
				);
				GCC_WARN_64_TO_32_BIT_CONVERSION = YES;
				GCC_WARN_ABOUT_RETURN_TYPE = YES_ERROR;
				GCC_WARN_UNDECLARED_SELECTOR = YES;
				GCC_WARN_UNINITIALIZED_AUTOS = YES_AGGRESSIVE;
				GCC_WARN_UNUSED_FUNCTION = YES;
				GCC_WARN_UNUSED_VARIABLE = YES;
				IPHONEOS_DEPLOYMENT_TARGET = 11.0;
				MTL_ENABLE_DEBUG_INFO = YES;
				ONLY_ACTIVE_ARCH = YES;
				SDKROOT = iphoneos;
				SWIFT_ACTIVE_COMPILATION_CONDITIONS = DEBUG;
				SWIFT_OPTIMIZATION_LEVEL = "-Onone";
			};
			name = Debug;
		};
		6519097A1F8C3BE000434A46 /* Release */ = {
			isa = XCBuildConfiguration;
			buildSettings = {
				ALWAYS_SEARCH_USER_PATHS = NO;
				CLANG_ANALYZER_NONNULL = YES;
				CLANG_ANALYZER_NUMBER_OBJECT_CONVERSION = YES_AGGRESSIVE;
				CLANG_CXX_LANGUAGE_STANDARD = "gnu++14";
				CLANG_CXX_LIBRARY = "libc++";
				CLANG_ENABLE_MODULES = YES;
				CLANG_ENABLE_OBJC_ARC = YES;
				CLANG_WARN_BLOCK_CAPTURE_AUTORELEASING = YES;
				CLANG_WARN_BOOL_CONVERSION = YES;
				CLANG_WARN_COMMA = YES;
				CLANG_WARN_CONSTANT_CONVERSION = YES;
				CLANG_WARN_DIRECT_OBJC_ISA_USAGE = YES_ERROR;
				CLANG_WARN_DOCUMENTATION_COMMENTS = YES;
				CLANG_WARN_EMPTY_BODY = YES;
				CLANG_WARN_ENUM_CONVERSION = YES;
				CLANG_WARN_INFINITE_RECURSION = YES;
				CLANG_WARN_INT_CONVERSION = YES;
				CLANG_WARN_NON_LITERAL_NULL_CONVERSION = YES;
				CLANG_WARN_OBJC_LITERAL_CONVERSION = YES;
				CLANG_WARN_OBJC_ROOT_CLASS = YES_ERROR;
				CLANG_WARN_RANGE_LOOP_ANALYSIS = YES;
				CLANG_WARN_STRICT_PROTOTYPES = YES;
				CLANG_WARN_SUSPICIOUS_MOVE = YES;
				CLANG_WARN_UNGUARDED_AVAILABILITY = YES_AGGRESSIVE;
				CLANG_WARN_UNREACHABLE_CODE = YES;
				CLANG_WARN__DUPLICATE_METHOD_MATCH = YES;
				CODE_SIGN_IDENTITY = "iPhone Developer";
				COPY_PHASE_STRIP = NO;
				DEBUG_INFORMATION_FORMAT = "dwarf-with-dsym";
				ENABLE_NS_ASSERTIONS = NO;
				ENABLE_STRICT_OBJC_MSGSEND = YES;
				GCC_C_LANGUAGE_STANDARD = gnu11;
				GCC_NO_COMMON_BLOCKS = YES;
				GCC_WARN_64_TO_32_BIT_CONVERSION = YES;
				GCC_WARN_ABOUT_RETURN_TYPE = YES_ERROR;
				GCC_WARN_UNDECLARED_SELECTOR = YES;
				GCC_WARN_UNINITIALIZED_AUTOS = YES_AGGRESSIVE;
				GCC_WARN_UNUSED_FUNCTION = YES;
				GCC_WARN_UNUSED_VARIABLE = YES;
				IPHONEOS_DEPLOYMENT_TARGET = 11.0;
				MTL_ENABLE_DEBUG_INFO = NO;
				SDKROOT = iphoneos;
				SWIFT_OPTIMIZATION_LEVEL = "-Owholemodule";
				VALIDATE_PRODUCT = YES;
			};
			name = Release;
		};
		6519097C1F8C3BE000434A46 /* Debug */ = {
			isa = XCBuildConfiguration;
			buildSettings = {
				ASSETCATALOG_COMPILER_APPICON_NAME = AppIcon;
				CODE_SIGN_STYLE = Automatic;
				INFOPLIST_FILE = RPS/Info.plist;
				LD_RUNPATH_SEARCH_PATHS = "$(inherited) @executable_path/Frameworks";
				PRODUCT_BUNDLE_IDENTIFIER = danielsouzaaf.RPS;
				PRODUCT_NAME = "$(TARGET_NAME)";
				SWIFT_VERSION = 4.0;
				TARGETED_DEVICE_FAMILY = "1,2";
			};
			name = Debug;
		};
		6519097D1F8C3BE000434A46 /* Release */ = {
			isa = XCBuildConfiguration;
			buildSettings = {
				ASSETCATALOG_COMPILER_APPICON_NAME = AppIcon;
				CODE_SIGN_STYLE = Automatic;
				INFOPLIST_FILE = RPS/Info.plist;
				LD_RUNPATH_SEARCH_PATHS = "$(inherited) @executable_path/Frameworks";
				PRODUCT_BUNDLE_IDENTIFIER = danielsouzaaf.RPS;
				PRODUCT_NAME = "$(TARGET_NAME)";
				SWIFT_VERSION = 4.0;
				TARGETED_DEVICE_FAMILY = "1,2";
			};
			name = Release;
		};
		6519097F1F8C3BE000434A46 /* Debug */ = {
			isa = XCBuildConfiguration;
			buildSettings = {
				ALWAYS_EMBED_SWIFT_STANDARD_LIBRARIES = YES;
				BUNDLE_LOADER = "$(TEST_HOST)";
				CODE_SIGN_STYLE = Automatic;
				INFOPLIST_FILE = RPSTests/Info.plist;
				LD_RUNPATH_SEARCH_PATHS = "$(inherited) @executable_path/Frameworks @loader_path/Frameworks";
				PRODUCT_BUNDLE_IDENTIFIER = danielsouzaaf.RPSTests;
				PRODUCT_NAME = "$(TARGET_NAME)";
				SWIFT_VERSION = 4.0;
				TARGETED_DEVICE_FAMILY = "1,2";
				TEST_HOST = "$(BUILT_PRODUCTS_DIR)/RPS.app/RPS";
			};
			name = Debug;
		};
		651909801F8C3BE000434A46 /* Release */ = {
			isa = XCBuildConfiguration;
			buildSettings = {
				ALWAYS_EMBED_SWIFT_STANDARD_LIBRARIES = YES;
				BUNDLE_LOADER = "$(TEST_HOST)";
				CODE_SIGN_STYLE = Automatic;
				INFOPLIST_FILE = RPSTests/Info.plist;
				LD_RUNPATH_SEARCH_PATHS = "$(inherited) @executable_path/Frameworks @loader_path/Frameworks";
				PRODUCT_BUNDLE_IDENTIFIER = danielsouzaaf.RPSTests;
				PRODUCT_NAME = "$(TARGET_NAME)";
				SWIFT_VERSION = 4.0;
				TARGETED_DEVICE_FAMILY = "1,2";
				TEST_HOST = "$(BUILT_PRODUCTS_DIR)/RPS.app/RPS";
			};
			name = Release;
		};
		651909821F8C3BE000434A46 /* Debug */ = {
			isa = XCBuildConfiguration;
			buildSettings = {
				ALWAYS_EMBED_SWIFT_STANDARD_LIBRARIES = YES;
				CODE_SIGN_STYLE = Automatic;
				INFOPLIST_FILE = RPSUITests/Info.plist;
				LD_RUNPATH_SEARCH_PATHS = "$(inherited) @executable_path/Frameworks @loader_path/Frameworks";
				PRODUCT_BUNDLE_IDENTIFIER = danielsouzaaf.RPSUITests;
				PRODUCT_NAME = "$(TARGET_NAME)";
				SWIFT_VERSION = 4.0;
				TARGETED_DEVICE_FAMILY = "1,2";
				TEST_TARGET_NAME = RPS;
			};
			name = Debug;
		};
		651909831F8C3BE000434A46 /* Release */ = {
			isa = XCBuildConfiguration;
			buildSettings = {
				ALWAYS_EMBED_SWIFT_STANDARD_LIBRARIES = YES;
				CODE_SIGN_STYLE = Automatic;
				INFOPLIST_FILE = RPSUITests/Info.plist;
				LD_RUNPATH_SEARCH_PATHS = "$(inherited) @executable_path/Frameworks @loader_path/Frameworks";
				PRODUCT_BUNDLE_IDENTIFIER = danielsouzaaf.RPSUITests;
				PRODUCT_NAME = "$(TARGET_NAME)";
				SWIFT_VERSION = 4.0;
				TARGETED_DEVICE_FAMILY = "1,2";
				TEST_TARGET_NAME = RPS;
			};
			name = Release;
		};
/* End XCBuildConfiguration section */

/* Begin XCConfigurationList section */
		6519094E1F8C3BE000434A46 /* Build configuration list for PBXProject "RPS" */ = {
			isa = XCConfigurationList;
			buildConfigurations = (
				651909791F8C3BE000434A46 /* Debug */,
				6519097A1F8C3BE000434A46 /* Release */,
			);
			defaultConfigurationIsVisible = 0;
			defaultConfigurationName = Release;
		};
		6519097B1F8C3BE000434A46 /* Build configuration list for PBXNativeTarget "RPS" */ = {
			isa = XCConfigurationList;
			buildConfigurations = (
				6519097C1F8C3BE000434A46 /* Debug */,
				6519097D1F8C3BE000434A46 /* Release */,
			);
			defaultConfigurationIsVisible = 0;
			defaultConfigurationName = Release;
		};
		6519097E1F8C3BE000434A46 /* Build configuration list for PBXNativeTarget "RPSTests" */ = {
			isa = XCConfigurationList;
			buildConfigurations = (
				6519097F1F8C3BE000434A46 /* Debug */,
				651909801F8C3BE000434A46 /* Release */,
			);
			defaultConfigurationIsVisible = 0;
			defaultConfigurationName = Release;
		};
		651909811F8C3BE000434A46 /* Build configuration list for PBXNativeTarget "RPSUITests" */ = {
			isa = XCConfigurationList;
			buildConfigurations = (
				651909821F8C3BE000434A46 /* Debug */,
				651909831F8C3BE000434A46 /* Release */,
			);
			defaultConfigurationIsVisible = 0;
			defaultConfigurationName = Release;
		};
/* End XCConfigurationList section */
	};
	rootObject = 6519094B1F8C3BE000434A46 /* Project object */;
}
